// !$*UTF8*$!
{
	archiveVersion = 1;
	classes = {
	};
	objectVersion = 46;
	objects = {

/* Begin PBXBuildFile section */
		D8480CC91EA16D38002A3747 /* AppDelegate.swift in Sources */ = {isa = PBXBuildFile; fileRef = D8480CC81EA16D38002A3747 /* AppDelegate.swift */; };
		D8480CCF1EA16D38002A3747 /* GameScene.swift in Sources */ = {isa = PBXBuildFile; fileRef = D8480CCE1EA16D38002A3747 /* GameScene.swift */; };
		D8480CD11EA16D38002A3747 /* GameViewController.swift in Sources */ = {isa = PBXBuildFile; fileRef = D8480CD01EA16D38002A3747 /* GameViewController.swift */; };
		D8480CD41EA16D38002A3747 /* Main.storyboard in Resources */ = {isa = PBXBuildFile; fileRef = D8480CD21EA16D38002A3747 /* Main.storyboard */; };
		D8480CD61EA16D38002A3747 /* Assets.xcassets in Resources */ = {isa = PBXBuildFile; fileRef = D8480CD51EA16D38002A3747 /* Assets.xcassets */; };
		D8480CD91EA16D38002A3747 /* LaunchScreen.storyboard in Resources */ = {isa = PBXBuildFile; fileRef = D8480CD71EA16D38002A3747 /* LaunchScreen.storyboard */; };
		D8480CE11EA16F3D002A3747 /* Star.png in Resources */ = {isa = PBXBuildFile; fileRef = D8480CE01EA16F3D002A3747 /* Star.png */; };
		D8480CE31EA16F5E002A3747 /* Star.swift in Sources */ = {isa = PBXBuildFile; fileRef = D8480CE21EA16F5E002A3747 /* Star.swift */; };
		D8480CE51EA17800002A3747 /* Bubble.swift in Sources */ = {isa = PBXBuildFile; fileRef = D8480CE41EA17800002A3747 /* Bubble.swift */; };
		D8480CE71EA17DAB002A3747 /* Target.swift in Sources */ = {isa = PBXBuildFile; fileRef = D8480CE61EA17DAB002A3747 /* Target.swift */; };
		D8480CE91EA17F27002A3747 /* PhysicsCategories.swift in Sources */ = {isa = PBXBuildFile; fileRef = D8480CE81EA17F27002A3747 /* PhysicsCategories.swift */; };
/* End PBXBuildFile section */

/* Begin PBXFileReference section */
		D8480CC51EA16D38002A3747 /* Bubble-Bounce.app */ = {isa = PBXFileReference; explicitFileType = wrapper.application; includeInIndex = 0; path = "Bubble-Bounce.app"; sourceTree = BUILT_PRODUCTS_DIR; };
		D8480CC81EA16D38002A3747 /* AppDelegate.swift */ = {isa = PBXFileReference; lastKnownFileType = sourcecode.swift; path = AppDelegate.swift; sourceTree = "<group>"; };
		D8480CCE1EA16D38002A3747 /* GameScene.swift */ = {isa = PBXFileReference; lastKnownFileType = sourcecode.swift; path = GameScene.swift; sourceTree = "<group>"; };
		D8480CD01EA16D38002A3747 /* GameViewController.swift */ = {isa = PBXFileReference; lastKnownFileType = sourcecode.swift; path = GameViewController.swift; sourceTree = "<group>"; };
		D8480CD31EA16D38002A3747 /* Base */ = {isa = PBXFileReference; lastKnownFileType = file.storyboard; name = Base; path = Base.lproj/Main.storyboard; sourceTree = "<group>"; };
		D8480CD51EA16D38002A3747 /* Assets.xcassets */ = {isa = PBXFileReference; lastKnownFileType = folder.assetcatalog; path = Assets.xcassets; sourceTree = "<group>"; };
		D8480CD81EA16D38002A3747 /* Base */ = {isa = PBXFileReference; lastKnownFileType = file.storyboard; name = Base; path = Base.lproj/LaunchScreen.storyboard; sourceTree = "<group>"; };
		D8480CDA1EA16D38002A3747 /* Info.plist */ = {isa = PBXFileReference; lastKnownFileType = text.plist.xml; path = Info.plist; sourceTree = "<group>"; };
		D8480CE01EA16F3D002A3747 /* Star.png */ = {isa = PBXFileReference; lastKnownFileType = image.png; path = Star.png; sourceTree = "<group>"; };
		D8480CE21EA16F5E002A3747 /* Star.swift */ = {isa = PBXFileReference; fileEncoding = 4; lastKnownFileType = sourcecode.swift; path = Star.swift; sourceTree = "<group>"; };
		D8480CE41EA17800002A3747 /* Bubble.swift */ = {isa = PBXFileReference; fileEncoding = 4; lastKnownFileType = sourcecode.swift; path = Bubble.swift; sourceTree = "<group>"; };
		D8480CE61EA17DAB002A3747 /* Target.swift */ = {isa = PBXFileReference; fileEncoding = 4; lastKnownFileType = sourcecode.swift; path = Target.swift; sourceTree = "<group>"; };
		D8480CE81EA17F27002A3747 /* PhysicsCategories.swift */ = {isa = PBXFileReference; fileEncoding = 4; lastKnownFileType = sourcecode.swift; path = PhysicsCategories.swift; sourceTree = "<group>"; };
/* End PBXFileReference section */

/* Begin PBXFrameworksBuildPhase section */
		D8480CC21EA16D38002A3747 /* Frameworks */ = {
			isa = PBXFrameworksBuildPhase;
			buildActionMask = 2147483647;
			files = (
			);
			runOnlyForDeploymentPostprocessing = 0;
		};
/* End PBXFrameworksBuildPhase section */

/* Begin PBXGroup section */
		D8480CBC1EA16D38002A3747 = {
			isa = PBXGroup;
			children = (
				D8480CC71EA16D38002A3747 /* Bubble-Bounce */,
				D8480CC61EA16D38002A3747 /* Products */,
				D8480CE01EA16F3D002A3747 /* Star.png */,
			);
			sourceTree = "<group>";
		};
		D8480CC61EA16D38002A3747 /* Products */ = {
			isa = PBXGroup;
			children = (
				D8480CC51EA16D38002A3747 /* Bubble-Bounce.app */,
			);
			name = Products;
			sourceTree = "<group>";
		};
		D8480CC71EA16D38002A3747 /* Bubble-Bounce */ = {
			isa = PBXGroup;
			children = (
				D8480CC81EA16D38002A3747 /* AppDelegate.swift */,
				D8480CCE1EA16D38002A3747 /* GameScene.swift */,
				D8480CE41EA17800002A3747 /* Bubble.swift */,
				D8480CE21EA16F5E002A3747 /* Star.swift */,
				D8480CE61EA17DAB002A3747 /* Target.swift */,
				D8480CE81EA17F27002A3747 /* PhysicsCategories.swift */,
				D8480CD01EA16D38002A3747 /* GameViewController.swift */,
				D8480CD21EA16D38002A3747 /* Main.storyboard */,
				D8480CD51EA16D38002A3747 /* Assets.xcassets */,
				D8480CD71EA16D38002A3747 /* LaunchScreen.storyboard */,
				D8480CDA1EA16D38002A3747 /* Info.plist */,
			);
			path = "Bubble-Bounce";
			sourceTree = "<group>";
		};
/* End PBXGroup section */

/* Begin PBXNativeTarget section */
		D8480CC41EA16D38002A3747 /* Bubble-Bounce */ = {
			isa = PBXNativeTarget;
			buildConfigurationList = D8480CDD1EA16D38002A3747 /* Build configuration list for PBXNativeTarget "Bubble-Bounce" */;
			buildPhases = (
				D8480CC11EA16D38002A3747 /* Sources */,
				D8480CC21EA16D38002A3747 /* Frameworks */,
				D8480CC31EA16D38002A3747 /* Resources */,
			);
			buildRules = (
			);
			dependencies = (
			);
			name = "Bubble-Bounce";
			productName = "Bubble-Bounce";
			productReference = D8480CC51EA16D38002A3747 /* Bubble-Bounce.app */;
			productType = "com.apple.product-type.application";
		};
/* End PBXNativeTarget section */

/* Begin PBXProject section */
		D8480CBD1EA16D38002A3747 /* Project object */ = {
			isa = PBXProject;
			attributes = {
				LastSwiftUpdateCheck = 0830;
				LastUpgradeCheck = 0830;
				ORGANIZATIONNAME = "Mitchell Hudson";
				TargetAttributes = {
					D8480CC41EA16D38002A3747 = {
						CreatedOnToolsVersion = 8.3.1;
						DevelopmentTeam = 753UQ7TNXJ;
						ProvisioningStyle = Automatic;
					};
				};
			};
			buildConfigurationList = D8480CC01EA16D38002A3747 /* Build configuration list for PBXProject "Bubble-Bounce" */;
			compatibilityVersion = "Xcode 3.2";
			developmentRegion = English;
			hasScannedForEncodings = 0;
			knownRegions = (
				en,
				Base,
			);
			mainGroup = D8480CBC1EA16D38002A3747;
			productRefGroup = D8480CC61EA16D38002A3747 /* Products */;
			projectDirPath = "";
			projectRoot = "";
			targets = (
				D8480CC41EA16D38002A3747 /* Bubble-Bounce */,
			);
		};
/* End PBXProject section */

/* Begin PBXResourcesBuildPhase section */
		D8480CC31EA16D38002A3747 /* Resources */ = {
			isa = PBXResourcesBuildPhase;
			buildActionMask = 2147483647;
			files = (
				D8480CD41EA16D38002A3747 /* Main.storyboard in Resources */,
				D8480CE11EA16F3D002A3747 /* Star.png in Resources */,
				D8480CD61EA16D38002A3747 /* Assets.xcassets in Resources */,
				D8480CD91EA16D38002A3747 /* LaunchScreen.storyboard in Resources */,
			);
			runOnlyForDeploymentPostprocessing = 0;
		};
/* End PBXResourcesBuildPhase section */

/* Begin PBXSourcesBuildPhase section */
		D8480CC11EA16D38002A3747 /* Sources */ = {
			isa = PBXSourcesBuildPhase;
			buildActionMask = 2147483647;
			files = (
				D8480CE71EA17DAB002A3747 /* Target.swift in Sources */,
				D8480CCF1EA16D38002A3747 /* GameScene.swift in Sources */,
				D8480CE51EA17800002A3747 /* Bubble.swift in Sources */,
				D8480CD11EA16D38002A3747 /* GameViewController.swift in Sources */,
				D8480CE91EA17F27002A3747 /* PhysicsCategories.swift in Sources */,
				D8480CC91EA16D38002A3747 /* AppDelegate.swift in Sources */,
				D8480CE31EA16F5E002A3747 /* Star.swift in Sources */,
			);
			runOnlyForDeploymentPostprocessing = 0;
		};
/* End PBXSourcesBuildPhase section */

/* Begin PBXVariantGroup section */
		D8480CD21EA16D38002A3747 /* Main.storyboard */ = {
			isa = PBXVariantGroup;
			children = (
				D8480CD31EA16D38002A3747 /* Base */,
			);
			name = Main.storyboard;
			sourceTree = "<group>";
		};
		D8480CD71EA16D38002A3747 /* LaunchScreen.storyboard */ = {
			isa = PBXVariantGroup;
			children = (
				D8480CD81EA16D38002A3747 /* Base */,
			);
			name = LaunchScreen.storyboard;
			sourceTree = "<group>";
		};
/* End PBXVariantGroup section */

/* Begin XCBuildConfiguration section */
		D8480CDB1EA16D38002A3747 /* Debug */ = {
			isa = XCBuildConfiguration;
			buildSettings = {
				ALWAYS_SEARCH_USER_PATHS = NO;
				CLANG_ANALYZER_NONNULL = YES;
				CLANG_ANALYZER_NUMBER_OBJECT_CONVERSION = YES_AGGRESSIVE;
				CLANG_CXX_LANGUAGE_STANDARD = "gnu++0x";
				CLANG_CXX_LIBRARY = "libc++";
				CLANG_ENABLE_MODULES = YES;
				CLANG_ENABLE_OBJC_ARC = YES;
				CLANG_WARN_BOOL_CONVERSION = YES;
				CLANG_WARN_CONSTANT_CONVERSION = YES;
				CLANG_WARN_DIRECT_OBJC_ISA_USAGE = YES_ERROR;
				CLANG_WARN_DOCUMENTATION_COMMENTS = YES;
				CLANG_WARN_EMPTY_BODY = YES;
				CLANG_WARN_ENUM_CONVERSION = YES;
				CLANG_WARN_INFINITE_RECURSION = YES;
				CLANG_WARN_INT_CONVERSION = YES;
				CLANG_WARN_OBJC_ROOT_CLASS = YES_ERROR;
				CLANG_WARN_SUSPICIOUS_MOVE = YES;
				CLANG_WARN_UNREACHABLE_CODE = YES;
				CLANG_WARN__DUPLICATE_METHOD_MATCH = YES;
				"CODE_SIGN_IDENTITY[sdk=iphoneos*]" = "iPhone Developer";
				COPY_PHASE_STRIP = NO;
				DEBUG_INFORMATION_FORMAT = dwarf;
				ENABLE_STRICT_OBJC_MSGSEND = YES;
				ENABLE_TESTABILITY = YES;
				GCC_C_LANGUAGE_STANDARD = gnu99;
				GCC_DYNAMIC_NO_PIC = NO;
				GCC_NO_COMMON_BLOCKS = YES;
				GCC_OPTIMIZATION_LEVEL = 0;
				GCC_PREPROCESSOR_DEFINITIONS = (
					"DEBUG=1",
					"$(inherited)",
				);
				GCC_WARN_64_TO_32_BIT_CONVERSION = YES;
				GCC_WARN_ABOUT_RETURN_TYPE = YES_ERROR;
				GCC_WARN_UNDECLARED_SELECTOR = YES;
				GCC_WARN_UNINITIALIZED_AUTOS = YES_AGGRESSIVE;
				GCC_WARN_UNUSED_FUNCTION = YES;
				GCC_WARN_UNUSED_VARIABLE = YES;
				IPHONEOS_DEPLOYMENT_TARGET = 10.3;
				MTL_ENABLE_DEBUG_INFO = YES;
				ONLY_ACTIVE_ARCH = YES;
				SDKROOT = iphoneos;
				SWIFT_ACTIVE_COMPILATION_CONDITIONS = DEBUG;
				SWIFT_OPTIMIZATION_LEVEL = "-Onone";
			};
			name = Debug;
		};
		D8480CDC1EA16D38002A3747 /* Release */ = {
			isa = XCBuildConfiguration;
			buildSettings = {
				ALWAYS_SEARCH_USER_PATHS = NO;
				CLANG_ANALYZER_NONNULL = YES;
				CLANG_ANALYZER_NUMBER_OBJECT_CONVERSION = YES_AGGRESSIVE;
				CLANG_CXX_LANGUAGE_STANDARD = "gnu++0x";
				CLANG_CXX_LIBRARY = "libc++";
				CLANG_ENABLE_MODULES = YES;
				CLANG_ENABLE_OBJC_ARC = YES;
				CLANG_WARN_BOOL_CONVERSION = YES;
				CLANG_WARN_CONSTANT_CONVERSION = YES;
				CLANG_WARN_DIRECT_OBJC_ISA_USAGE = YES_ERROR;
				CLANG_WARN_DOCUMENTATION_COMMENTS = YES;
				CLANG_WARN_EMPTY_BODY = YES;
				CLANG_WARN_ENUM_CONVERSION = YES;
				CLANG_WARN_INFINITE_RECURSION = YES;
				CLANG_WARN_INT_CONVERSION = YES;
				CLANG_WARN_OBJC_ROOT_CLASS = YES_ERROR;
				CLANG_WARN_SUSPICIOUS_MOVE = YES;
				CLANG_WARN_UNREACHABLE_CODE = YES;
				CLANG_WARN__DUPLICATE_METHOD_MATCH = YES;
				"CODE_SIGN_IDENTITY[sdk=iphoneos*]" = "iPhone Developer";
				COPY_PHASE_STRIP = NO;
				DEBUG_INFORMATION_FORMAT = "dwarf-with-dsym";
				ENABLE_NS_ASSERTIONS = NO;
				ENABLE_STRICT_OBJC_MSGSEND = YES;
				GCC_C_LANGUAGE_STANDARD = gnu99;
				GCC_NO_COMMON_BLOCKS = YES;
				GCC_WARN_64_TO_32_BIT_CONVERSION = YES;
				GCC_WARN_ABOUT_RETURN_TYPE = YES_ERROR;
				GCC_WARN_UNDECLARED_SELECTOR = YES;
				GCC_WARN_UNINITIALIZED_AUTOS = YES_AGGRESSIVE;
				GCC_WARN_UNUSED_FUNCTION = YES;
				GCC_WARN_UNUSED_VARIABLE = YES;
				IPHONEOS_DEPLOYMENT_TARGET = 10.3;
				MTL_ENABLE_DEBUG_INFO = NO;
				SDKROOT = iphoneos;
				SWIFT_OPTIMIZATION_LEVEL = "-Owholemodule";
				VALIDATE_PRODUCT = YES;
			};
			name = Release;
		};
		D8480CDE1EA16D38002A3747 /* Debug */ = {
			isa = XCBuildConfiguration;
			buildSettings = {
				ASSETCATALOG_COMPILER_APPICON_NAME = AppIcon;
				DEVELOPMENT_TEAM = 753UQ7TNXJ;
				INFOPLIST_FILE = "Bubble-Bounce/Info.plist";
				LD_RUNPATH_SEARCH_PATHS = "$(inherited) @executable_path/Frameworks";
				PRODUCT_BUNDLE_IDENTIFIER = "com.webdevils.Bubble-Bounce";
				PRODUCT_NAME = "$(TARGET_NAME)";
				SWIFT_VERSION = 4.0;
			};
			name = Debug;
		};
		D8480CDF1EA16D38002A3747 /* Release */ = {
			isa = XCBuildConfiguration;
			buildSettings = {
				ASSETCATALOG_COMPILER_APPICON_NAME = AppIcon;
				DEVELOPMENT_TEAM = 753UQ7TNXJ;
				INFOPLIST_FILE = "Bubble-Bounce/Info.plist";
				LD_RUNPATH_SEARCH_PATHS = "$(inherited) @executable_path/Frameworks";
				PRODUCT_BUNDLE_IDENTIFIER = "com.webdevils.Bubble-Bounce";
				PRODUCT_NAME = "$(TARGET_NAME)";
				SWIFT_VERSION = 4.0;
			};
			name = Release;
		};
/* End XCBuildConfiguration section */

/* Begin XCConfigurationList section */
		D8480CC01EA16D38002A3747 /* Build configuration list for PBXProject "Bubble-Bounce" */ = {
			isa = XCConfigurationList;
			buildConfigurations = (
				D8480CDB1EA16D38002A3747 /* Debug */,
				D8480CDC1EA16D38002A3747 /* Release */,
			);
			defaultConfigurationIsVisible = 0;
			defaultConfigurationName = Release;
		};
		D8480CDD1EA16D38002A3747 /* Build configuration list for PBXNativeTarget "Bubble-Bounce" */ = {
			isa = XCConfigurationList;
			buildConfigurations = (
				D8480CDE1EA16D38002A3747 /* Debug */,
				D8480CDF1EA16D38002A3747 /* Release */,
			);
			defaultConfigurationIsVisible = 0;
			defaultConfigurationName = Release;
		};
/* End XCConfigurationList section */
	};
	rootObject = D8480CBD1EA16D38002A3747 /* Project object */;
}
